// !$*UTF8*$!
{
	archiveVersion = 1;
	classes = {
	};
	objectVersion = 46;
	objects = {

/* Begin PBXBuildFile section */
		379A4CCF1DA2BFF30055D144 /* AppDelegate.swift in Sources */ = {isa = PBXBuildFile; fileRef = 379A4CCE1DA2BFF30055D144 /* AppDelegate.swift */; };
		379A4CD11DA2BFF30055D144 /* ViewController.swift in Sources */ = {isa = PBXBuildFile; fileRef = 379A4CD01DA2BFF30055D144 /* ViewController.swift */; };
		379A4CD41DA2BFF30055D144 /* Main.storyboard in Resources */ = {isa = PBXBuildFile; fileRef = 379A4CD21DA2BFF30055D144 /* Main.storyboard */; };
		379A4CD71DA2BFF30055D144 /* FoodSeeker.xcdatamodeld in Sources */ = {isa = PBXBuildFile; fileRef = 379A4CD51DA2BFF30055D144 /* FoodSeeker.xcdatamodeld */; };
		379A4CD91DA2BFF30055D144 /* Assets.xcassets in Resources */ = {isa = PBXBuildFile; fileRef = 379A4CD81DA2BFF30055D144 /* Assets.xcassets */; };
		379A4CDC1DA2BFF30055D144 /* LaunchScreen.storyboard in Resources */ = {isa = PBXBuildFile; fileRef = 379A4CDA1DA2BFF30055D144 /* LaunchScreen.storyboard */; };
		379A4CE71DA2BFF40055D144 /* FoodSeekerTests.swift in Sources */ = {isa = PBXBuildFile; fileRef = 379A4CE61DA2BFF40055D144 /* FoodSeekerTests.swift */; };
		379A4CF21DA2BFF40055D144 /* FoodSeekerUITests.swift in Sources */ = {isa = PBXBuildFile; fileRef = 379A4CF11DA2BFF40055D144 /* FoodSeekerUITests.swift */; };
/* End PBXBuildFile section */

/* Begin PBXContainerItemProxy section */
		379A4CE31DA2BFF30055D144 /* PBXContainerItemProxy */ = {
			isa = PBXContainerItemProxy;
			containerPortal = 379A4CC31DA2BFF30055D144 /* Project object */;
			proxyType = 1;
			remoteGlobalIDString = 379A4CCA1DA2BFF30055D144;
			remoteInfo = FoodSeeker;
		};
		379A4CEE1DA2BFF40055D144 /* PBXContainerItemProxy */ = {
			isa = PBXContainerItemProxy;
			containerPortal = 379A4CC31DA2BFF30055D144 /* Project object */;
			proxyType = 1;
			remoteGlobalIDString = 379A4CCA1DA2BFF30055D144;
			remoteInfo = FoodSeeker;
		};
/* End PBXContainerItemProxy section */

/* Begin PBXFileReference section */
		379A4CCB1DA2BFF30055D144 /* FoodSeeker.app */ = {isa = PBXFileReference; explicitFileType = wrapper.application; includeInIndex = 0; path = FoodSeeker.app; sourceTree = BUILT_PRODUCTS_DIR; };
		379A4CCE1DA2BFF30055D144 /* AppDelegate.swift */ = {isa = PBXFileReference; lastKnownFileType = sourcecode.swift; path = AppDelegate.swift; sourceTree = "<group>"; };
		379A4CD01DA2BFF30055D144 /* ViewController.swift */ = {isa = PBXFileReference; lastKnownFileType = sourcecode.swift; path = ViewController.swift; sourceTree = "<group>"; };
		379A4CD31DA2BFF30055D144 /* Base */ = {isa = PBXFileReference; lastKnownFileType = file.storyboard; name = Base; path = Base.lproj/Main.storyboard; sourceTree = "<group>"; };
		379A4CD61DA2BFF30055D144 /* FoodSeeker.xcdatamodel */ = {isa = PBXFileReference; lastKnownFileType = wrapper.xcdatamodel; path = FoodSeeker.xcdatamodel; sourceTree = "<group>"; };
		379A4CD81DA2BFF30055D144 /* Assets.xcassets */ = {isa = PBXFileReference; lastKnownFileType = folder.assetcatalog; path = Assets.xcassets; sourceTree = "<group>"; };
		379A4CDB1DA2BFF30055D144 /* Base */ = {isa = PBXFileReference; lastKnownFileType = file.storyboard; name = Base; path = Base.lproj/LaunchScreen.storyboard; sourceTree = "<group>"; };
		379A4CDD1DA2BFF30055D144 /* Info.plist */ = {isa = PBXFileReference; lastKnownFileType = text.plist.xml; path = Info.plist; sourceTree = "<group>"; };
		379A4CE21DA2BFF30055D144 /* FoodSeekerTests.xctest */ = {isa = PBXFileReference; explicitFileType = wrapper.cfbundle; includeInIndex = 0; path = FoodSeekerTests.xctest; sourceTree = BUILT_PRODUCTS_DIR; };
		379A4CE61DA2BFF40055D144 /* FoodSeekerTests.swift */ = {isa = PBXFileReference; lastKnownFileType = sourcecode.swift; path = FoodSeekerTests.swift; sourceTree = "<group>"; };
		379A4CE81DA2BFF40055D144 /* Info.plist */ = {isa = PBXFileReference; lastKnownFileType = text.plist.xml; path = Info.plist; sourceTree = "<group>"; };
		379A4CED1DA2BFF40055D144 /* FoodSeekerUITests.xctest */ = {isa = PBXFileReference; explicitFileType = wrapper.cfbundle; includeInIndex = 0; path = FoodSeekerUITests.xctest; sourceTree = BUILT_PRODUCTS_DIR; };
		379A4CF11DA2BFF40055D144 /* FoodSeekerUITests.swift */ = {isa = PBXFileReference; lastKnownFileType = sourcecode.swift; path = FoodSeekerUITests.swift; sourceTree = "<group>"; };
		379A4CF31DA2BFF40055D144 /* Info.plist */ = {isa = PBXFileReference; lastKnownFileType = text.plist.xml; path = Info.plist; sourceTree = "<group>"; };
/* End PBXFileReference section */

/* Begin PBXFrameworksBuildPhase section */
		379A4CC81DA2BFF30055D144 /* Frameworks */ = {
			isa = PBXFrameworksBuildPhase;
			buildActionMask = 2147483647;
			files = (
			);
			runOnlyForDeploymentPostprocessing = 0;
		};
		379A4CDF1DA2BFF30055D144 /* Frameworks */ = {
			isa = PBXFrameworksBuildPhase;
			buildActionMask = 2147483647;
			files = (
			);
			runOnlyForDeploymentPostprocessing = 0;
		};
		379A4CEA1DA2BFF40055D144 /* Frameworks */ = {
			isa = PBXFrameworksBuildPhase;
			buildActionMask = 2147483647;
			files = (
			);
			runOnlyForDeploymentPostprocessing = 0;
		};
/* End PBXFrameworksBuildPhase section */

/* Begin PBXGroup section */
		379A4CC21DA2BFF30055D144 = {
			isa = PBXGroup;
			children = (
				379A4CCD1DA2BFF30055D144 /* FoodSeeker */,
				379A4CE51DA2BFF30055D144 /* FoodSeekerTests */,
				379A4CF01DA2BFF40055D144 /* FoodSeekerUITests */,
				379A4CCC1DA2BFF30055D144 /* Products */,
			);
			sourceTree = "<group>";
		};
		379A4CCC1DA2BFF30055D144 /* Products */ = {
			isa = PBXGroup;
			children = (
				379A4CCB1DA2BFF30055D144 /* FoodSeeker.app */,
				379A4CE21DA2BFF30055D144 /* FoodSeekerTests.xctest */,
				379A4CED1DA2BFF40055D144 /* FoodSeekerUITests.xctest */,
			);
			name = Products;
			sourceTree = "<group>";
		};
		379A4CCD1DA2BFF30055D144 /* FoodSeeker */ = {
			isa = PBXGroup;
			children = (
				379A4CCE1DA2BFF30055D144 /* AppDelegate.swift */,
				379A4CD01DA2BFF30055D144 /* ViewController.swift */,
				379A4CD21DA2BFF30055D144 /* Main.storyboard */,
				379A4CD81DA2BFF30055D144 /* Assets.xcassets */,
				379A4CDA1DA2BFF30055D144 /* LaunchScreen.storyboard */,
				379A4CDD1DA2BFF30055D144 /* Info.plist */,
				379A4CD51DA2BFF30055D144 /* FoodSeeker.xcdatamodeld */,
			);
			path = FoodSeeker;
			sourceTree = "<group>";
		};
		379A4CE51DA2BFF30055D144 /* FoodSeekerTests */ = {
			isa = PBXGroup;
			children = (
				379A4CE61DA2BFF40055D144 /* FoodSeekerTests.swift */,
				379A4CE81DA2BFF40055D144 /* Info.plist */,
			);
			path = FoodSeekerTests;
			sourceTree = "<group>";
		};
		379A4CF01DA2BFF40055D144 /* FoodSeekerUITests */ = {
			isa = PBXGroup;
			children = (
				379A4CF11DA2BFF40055D144 /* FoodSeekerUITests.swift */,
				379A4CF31DA2BFF40055D144 /* Info.plist */,
			);
			path = FoodSeekerUITests;
			sourceTree = "<group>";
		};
/* End PBXGroup section */

/* Begin PBXNativeTarget section */
		379A4CCA1DA2BFF30055D144 /* FoodSeeker */ = {
			isa = PBXNativeTarget;
			buildConfigurationList = 379A4CF61DA2BFF40055D144 /* Build configuration list for PBXNativeTarget "FoodSeeker" */;
			buildPhases = (
				379A4CC71DA2BFF30055D144 /* Sources */,
				379A4CC81DA2BFF30055D144 /* Frameworks */,
				379A4CC91DA2BFF30055D144 /* Resources */,
			);
			buildRules = (
			);
			dependencies = (
			);
			name = FoodSeeker;
			productName = FoodSeeker;
			productReference = 379A4CCB1DA2BFF30055D144 /* FoodSeeker.app */;
			productType = "com.apple.product-type.application";
		};
		379A4CE11DA2BFF30055D144 /* FoodSeekerTests */ = {
			isa = PBXNativeTarget;
			buildConfigurationList = 379A4CF91DA2BFF40055D144 /* Build configuration list for PBXNativeTarget "FoodSeekerTests" */;
			buildPhases = (
				379A4CDE1DA2BFF30055D144 /* Sources */,
				379A4CDF1DA2BFF30055D144 /* Frameworks */,
				379A4CE01DA2BFF30055D144 /* Resources */,
			);
			buildRules = (
			);
			dependencies = (
				379A4CE41DA2BFF30055D144 /* PBXTargetDependency */,
			);
			name = FoodSeekerTests;
			productName = FoodSeekerTests;
			productReference = 379A4CE21DA2BFF30055D144 /* FoodSeekerTests.xctest */;
			productType = "com.apple.product-type.bundle.unit-test";
		};
		379A4CEC1DA2BFF40055D144 /* FoodSeekerUITests */ = {
			isa = PBXNativeTarget;
			buildConfigurationList = 379A4CFC1DA2BFF40055D144 /* Build configuration list for PBXNativeTarget "FoodSeekerUITests" */;
			buildPhases = (
				379A4CE91DA2BFF40055D144 /* Sources */,
				379A4CEA1DA2BFF40055D144 /* Frameworks */,
				379A4CEB1DA2BFF40055D144 /* Resources */,
			);
			buildRules = (
			);
			dependencies = (
				379A4CEF1DA2BFF40055D144 /* PBXTargetDependency */,
			);
			name = FoodSeekerUITests;
			productName = FoodSeekerUITests;
			productReference = 379A4CED1DA2BFF40055D144 /* FoodSeekerUITests.xctest */;
			productType = "com.apple.product-type.bundle.ui-testing";
		};
/* End PBXNativeTarget section */

/* Begin PBXProject section */
		379A4CC31DA2BFF30055D144 /* Project object */ = {
			isa = PBXProject;
			attributes = {
				LastSwiftUpdateCheck = 0800;
				LastUpgradeCheck = 0800;
				ORGANIZATIONNAME = "Ryan Lim";
				TargetAttributes = {
					379A4CCA1DA2BFF30055D144 = {
						CreatedOnToolsVersion = 8.0;
						DevelopmentTeam = T36N8475ZJ;
						ProvisioningStyle = Automatic;
					};
					379A4CE11DA2BFF30055D144 = {
						CreatedOnToolsVersion = 8.0;
						DevelopmentTeam = T36N8475ZJ;
						ProvisioningStyle = Automatic;
						TestTargetID = 379A4CCA1DA2BFF30055D144;
					};
					379A4CEC1DA2BFF40055D144 = {
						CreatedOnToolsVersion = 8.0;
						DevelopmentTeam = T36N8475ZJ;
						ProvisioningStyle = Automatic;
						TestTargetID = 379A4CCA1DA2BFF30055D144;
					};
				};
			};
			buildConfigurationList = 379A4CC61DA2BFF30055D144 /* Build configuration list for PBXProject "FoodSeeker" */;
			compatibilityVersion = "Xcode 3.2";
			developmentRegion = English;
			hasScannedForEncodings = 0;
			knownRegions = (
				en,
				Base,
			);
			mainGroup = 379A4CC21DA2BFF30055D144;
			productRefGroup = 379A4CCC1DA2BFF30055D144 /* Products */;
			projectDirPath = "";
			projectRoot = "";
			targets = (
				379A4CCA1DA2BFF30055D144 /* FoodSeeker */,
				379A4CE11DA2BFF30055D144 /* FoodSeekerTests */,
				379A4CEC1DA2BFF40055D144 /* FoodSeekerUITests */,
			);
		};
/* End PBXProject section */

/* Begin PBXResourcesBuildPhase section */
		379A4CC91DA2BFF30055D144 /* Resources */ = {
			isa = PBXResourcesBuildPhase;
			buildActionMask = 2147483647;
			files = (
				379A4CDC1DA2BFF30055D144 /* LaunchScreen.storyboard in Resources */,
				379A4CD91DA2BFF30055D144 /* Assets.xcassets in Resources */,
				379A4CD41DA2BFF30055D144 /* Main.storyboard in Resources */,
			);
			runOnlyForDeploymentPostprocessing = 0;
		};
		379A4CE01DA2BFF30055D144 /* Resources */ = {
			isa = PBXResourcesBuildPhase;
			buildActionMask = 2147483647;
			files = (
			);
			runOnlyForDeploymentPostprocessing = 0;
		};
		379A4CEB1DA2BFF40055D144 /* Resources */ = {
			isa = PBXResourcesBuildPhase;
			buildActionMask = 2147483647;
			files = (
			);
			runOnlyForDeploymentPostprocessing = 0;
		};
/* End PBXResourcesBuildPhase section */

/* Begin PBXSourcesBuildPhase section */
		379A4CC71DA2BFF30055D144 /* Sources */ = {
			isa = PBXSourcesBuildPhase;
			buildActionMask = 2147483647;
			files = (
				379A4CD11DA2BFF30055D144 /* ViewController.swift in Sources */,
				379A4CD71DA2BFF30055D144 /* FoodSeeker.xcdatamodeld in Sources */,
				379A4CCF1DA2BFF30055D144 /* AppDelegate.swift in Sources */,
			);
			runOnlyForDeploymentPostprocessing = 0;
		};
		379A4CDE1DA2BFF30055D144 /* Sources */ = {
			isa = PBXSourcesBuildPhase;
			buildActionMask = 2147483647;
			files = (
				379A4CE71DA2BFF40055D144 /* FoodSeekerTests.swift in Sources */,
			);
			runOnlyForDeploymentPostprocessing = 0;
		};
		379A4CE91DA2BFF40055D144 /* Sources */ = {
			isa = PBXSourcesBuildPhase;
			buildActionMask = 2147483647;
			files = (
				379A4CF21DA2BFF40055D144 /* FoodSeekerUITests.swift in Sources */,
			);
			runOnlyForDeploymentPostprocessing = 0;
		};
/* End PBXSourcesBuildPhase section */

/* Begin PBXTargetDependency section */
		379A4CE41DA2BFF30055D144 /* PBXTargetDependency */ = {
			isa = PBXTargetDependency;
			target = 379A4CCA1DA2BFF30055D144 /* FoodSeeker */;
			targetProxy = 379A4CE31DA2BFF30055D144 /* PBXContainerItemProxy */;
		};
		379A4CEF1DA2BFF40055D144 /* PBXTargetDependency */ = {
			isa = PBXTargetDependency;
			target = 379A4CCA1DA2BFF30055D144 /* FoodSeeker */;
			targetProxy = 379A4CEE1DA2BFF40055D144 /* PBXContainerItemProxy */;
		};
/* End PBXTargetDependency section */

/* Begin PBXVariantGroup section */
		379A4CD21DA2BFF30055D144 /* Main.storyboard */ = {
			isa = PBXVariantGroup;
			children = (
				379A4CD31DA2BFF30055D144 /* Base */,
			);
			name = Main.storyboard;
			sourceTree = "<group>";
		};
		379A4CDA1DA2BFF30055D144 /* LaunchScreen.storyboard */ = {
			isa = PBXVariantGroup;
			children = (
				379A4CDB1DA2BFF30055D144 /* Base */,
			);
			name = LaunchScreen.storyboard;
			sourceTree = "<group>";
		};
/* End PBXVariantGroup section */

/* Begin XCBuildConfiguration section */
		379A4CF41DA2BFF40055D144 /* Debug */ = {
			isa = XCBuildConfiguration;
			buildSettings = {
				ALWAYS_SEARCH_USER_PATHS = NO;
				CLANG_ANALYZER_NONNULL = YES;
				CLANG_CXX_LANGUAGE_STANDARD = "gnu++0x";
				CLANG_CXX_LIBRARY = "libc++";
				CLANG_ENABLE_MODULES = YES;
				CLANG_ENABLE_OBJC_ARC = YES;
				CLANG_WARN_BOOL_CONVERSION = YES;
				CLANG_WARN_CONSTANT_CONVERSION = YES;
				CLANG_WARN_DIRECT_OBJC_ISA_USAGE = YES_ERROR;
				CLANG_WARN_DOCUMENTATION_COMMENTS = YES;
				CLANG_WARN_EMPTY_BODY = YES;
				CLANG_WARN_ENUM_CONVERSION = YES;
				CLANG_WARN_INFINITE_RECURSION = YES;
				CLANG_WARN_INT_CONVERSION = YES;
				CLANG_WARN_OBJC_ROOT_CLASS = YES_ERROR;
				CLANG_WARN_SUSPICIOUS_MOVES = YES;
				CLANG_WARN_UNREACHABLE_CODE = YES;
				CLANG_WARN__DUPLICATE_METHOD_MATCH = YES;
				"CODE_SIGN_IDENTITY[sdk=iphoneos*]" = "iPhone Developer";
				COPY_PHASE_STRIP = NO;
				DEBUG_INFORMATION_FORMAT = dwarf;
				ENABLE_STRICT_OBJC_MSGSEND = YES;
				ENABLE_TESTABILITY = YES;
				GCC_C_LANGUAGE_STANDARD = gnu99;
				GCC_DYNAMIC_NO_PIC = NO;
				GCC_NO_COMMON_BLOCKS = YES;
				GCC_OPTIMIZATION_LEVEL = 0;
				GCC_PREPROCESSOR_DEFINITIONS = (
					"DEBUG=1",
					"$(inherited)",
				);
				GCC_WARN_64_TO_32_BIT_CONVERSION = YES;
				GCC_WARN_ABOUT_RETURN_TYPE = YES_ERROR;
				GCC_WARN_UNDECLARED_SELECTOR = YES;
				GCC_WARN_UNINITIALIZED_AUTOS = YES_AGGRESSIVE;
				GCC_WARN_UNUSED_FUNCTION = YES;
				GCC_WARN_UNUSED_VARIABLE = YES;
				IPHONEOS_DEPLOYMENT_TARGET = 10.0;
				MTL_ENABLE_DEBUG_INFO = YES;
				ONLY_ACTIVE_ARCH = YES;
				SDKROOT = iphoneos;
				SWIFT_ACTIVE_COMPILATION_CONDITIONS = DEBUG;
				SWIFT_OPTIMIZATION_LEVEL = "-Onone";
				TARGETED_DEVICE_FAMILY = "1,2";
			};
			name = Debug;
		};
		379A4CF51DA2BFF40055D144 /* Release */ = {
			isa = XCBuildConfiguration;
			buildSettings = {
				ALWAYS_SEARCH_USER_PATHS = NO;
				CLANG_ANALYZER_NONNULL = YES;
				CLANG_CXX_LANGUAGE_STANDARD = "gnu++0x";
				CLANG_CXX_LIBRARY = "libc++";
				CLANG_ENABLE_MODULES = YES;
				CLANG_ENABLE_OBJC_ARC = YES;
				CLANG_WARN_BOOL_CONVERSION = YES;
				CLANG_WARN_CONSTANT_CONVERSION = YES;
				CLANG_WARN_DIRECT_OBJC_ISA_USAGE = YES_ERROR;
				CLANG_WARN_DOCUMENTATION_COMMENTS = YES;
				CLANG_WARN_EMPTY_BODY = YES;
				CLANG_WARN_ENUM_CONVERSION = YES;
				CLANG_WARN_INFINITE_RECURSION = YES;
				CLANG_WARN_INT_CONVERSION = YES;
				CLANG_WARN_OBJC_ROOT_CLASS = YES_ERROR;
				CLANG_WARN_SUSPICIOUS_MOVES = YES;
				CLANG_WARN_UNREACHABLE_CODE = YES;
				CLANG_WARN__DUPLICATE_METHOD_MATCH = YES;
				"CODE_SIGN_IDENTITY[sdk=iphoneos*]" = "iPhone Developer";
				COPY_PHASE_STRIP = NO;
				DEBUG_INFORMATION_FORMAT = "dwarf-with-dsym";
				ENABLE_NS_ASSERTIONS = NO;
				ENABLE_STRICT_OBJC_MSGSEND = YES;
				GCC_C_LANGUAGE_STANDARD = gnu99;
				GCC_NO_COMMON_BLOCKS = YES;
				GCC_WARN_64_TO_32_BIT_CONVERSION = YES;
				GCC_WARN_ABOUT_RETURN_TYPE = YES_ERROR;
				GCC_WARN_UNDECLARED_SELECTOR = YES;
				GCC_WARN_UNINITIALIZED_AUTOS = YES_AGGRESSIVE;
				GCC_WARN_UNUSED_FUNCTION = YES;
				GCC_WARN_UNUSED_VARIABLE = YES;
				IPHONEOS_DEPLOYMENT_TARGET = 10.0;
				MTL_ENABLE_DEBUG_INFO = NO;
				SDKROOT = iphoneos;
				SWIFT_OPTIMIZATION_LEVEL = "-Owholemodule";
				TARGETED_DEVICE_FAMILY = "1,2";
				VALIDATE_PRODUCT = YES;
			};
			name = Release;
		};
		379A4CF71DA2BFF40055D144 /* Debug */ = {
			isa = XCBuildConfiguration;
			buildSettings = {
				ASSETCATALOG_COMPILER_APPICON_NAME = AppIcon;
				DEVELOPMENT_TEAM = T36N8475ZJ;
				INFOPLIST_FILE = FoodSeeker/Info.plist;
				LD_RUNPATH_SEARCH_PATHS = "$(inherited) @executable_path/Frameworks";
				PRODUCT_BUNDLE_IDENTIFIER = com.ryanlim.FoodSeeker;
				PRODUCT_NAME = "$(TARGET_NAME)";
				SWIFT_VERSION = 3.0;
			};
			name = Debug;
		};
		379A4CF81DA2BFF40055D144 /* Release */ = {
			isa = XCBuildConfiguration;
			buildSettings = {
				ASSETCATALOG_COMPILER_APPICON_NAME = AppIcon;
				DEVELOPMENT_TEAM = T36N8475ZJ;
				INFOPLIST_FILE = FoodSeeker/Info.plist;
				LD_RUNPATH_SEARCH_PATHS = "$(inherited) @executable_path/Frameworks";
				PRODUCT_BUNDLE_IDENTIFIER = com.ryanlim.FoodSeeker;
				PRODUCT_NAME = "$(TARGET_NAME)";
				SWIFT_VERSION = 3.0;
			};
			name = Release;
		};
		379A4CFA1DA2BFF40055D144 /* Debug */ = {
			isa = XCBuildConfiguration;
			buildSettings = {
				ALWAYS_EMBED_SWIFT_STANDARD_LIBRARIES = YES;
				BUNDLE_LOADER = "$(TEST_HOST)";
				DEVELOPMENT_TEAM = T36N8475ZJ;
				INFOPLIST_FILE = FoodSeekerTests/Info.plist;
				LD_RUNPATH_SEARCH_PATHS = "$(inherited) @executable_path/Frameworks @loader_path/Frameworks";
				PRODUCT_BUNDLE_IDENTIFIER = com.ryanlim.FoodSeekerTests;
				PRODUCT_NAME = "$(TARGET_NAME)";
				SWIFT_VERSION = 3.0;
				TEST_HOST = "$(BUILT_PRODUCTS_DIR)/FoodSeeker.app/FoodSeeker";
			};
			name = Debug;
		};
		379A4CFB1DA2BFF40055D144 /* Release */ = {
			isa = XCBuildConfiguration;
			buildSettings = {
				ALWAYS_EMBED_SWIFT_STANDARD_LIBRARIES = YES;
				BUNDLE_LOADER = "$(TEST_HOST)";
				DEVELOPMENT_TEAM = T36N8475ZJ;
				INFOPLIST_FILE = FoodSeekerTests/Info.plist;
				LD_RUNPATH_SEARCH_PATHS = "$(inherited) @executable_path/Frameworks @loader_path/Frameworks";
				PRODUCT_BUNDLE_IDENTIFIER = com.ryanlim.FoodSeekerTests;
				PRODUCT_NAME = "$(TARGET_NAME)";
				SWIFT_VERSION = 3.0;
				TEST_HOST = "$(BUILT_PRODUCTS_DIR)/FoodSeeker.app/FoodSeeker";
			};
			name = Release;
		};
		379A4CFD1DA2BFF40055D144 /* Debug */ = {
			isa = XCBuildConfiguration;
			buildSettings = {
				ALWAYS_EMBED_SWIFT_STANDARD_LIBRARIES = YES;
				DEVELOPMENT_TEAM = T36N8475ZJ;
				INFOPLIST_FILE = FoodSeekerUITests/Info.plist;
				LD_RUNPATH_SEARCH_PATHS = "$(inherited) @executable_path/Frameworks @loader_path/Frameworks";
				PRODUCT_BUNDLE_IDENTIFIER = com.ryanlim.FoodSeekerUITests;
				PRODUCT_NAME = "$(TARGET_NAME)";
				SWIFT_VERSION = 3.0;
				TEST_TARGET_NAME = FoodSeeker;
			};
			name = Debug;
		};
		379A4CFE1DA2BFF40055D144 /* Release */ = {
			isa = XCBuildConfiguration;
			buildSettings = {
				ALWAYS_EMBED_SWIFT_STANDARD_LIBRARIES = YES;
				DEVELOPMENT_TEAM = T36N8475ZJ;
				INFOPLIST_FILE = FoodSeekerUITests/Info.plist;
				LD_RUNPATH_SEARCH_PATHS = "$(inherited) @executable_path/Frameworks @loader_path/Frameworks";
				PRODUCT_BUNDLE_IDENTIFIER = com.ryanlim.FoodSeekerUITests;
				PRODUCT_NAME = "$(TARGET_NAME)";
				SWIFT_VERSION = 3.0;
				TEST_TARGET_NAME = FoodSeeker;
			};
			name = Release;
		};
/* End XCBuildConfiguration section */

/* Begin XCConfigurationList section */
		379A4CC61DA2BFF30055D144 /* Build configuration list for PBXProject "FoodSeeker" */ = {
			isa = XCConfigurationList;
			buildConfigurations = (
				379A4CF41DA2BFF40055D144 /* Debug */,
				379A4CF51DA2BFF40055D144 /* Release */,
			);
			defaultConfigurationIsVisible = 0;
			defaultConfigurationName = Release;
		};
		379A4CF61DA2BFF40055D144 /* Build configuration list for PBXNativeTarget "FoodSeeker" */ = {
			isa = XCConfigurationList;
			buildConfigurations = (
				379A4CF71DA2BFF40055D144 /* Debug */,
				379A4CF81DA2BFF40055D144 /* Release */,
			);
			defaultConfigurationIsVisible = 0;
		};
		379A4CF91DA2BFF40055D144 /* Build configuration list for PBXNativeTarget "FoodSeekerTests" */ = {
			isa = XCConfigurationList;
			buildConfigurations = (
				379A4CFA1DA2BFF40055D144 /* Debug */,
				379A4CFB1DA2BFF40055D144 /* Release */,
			);
			defaultConfigurationIsVisible = 0;
		};
		379A4CFC1DA2BFF40055D144 /* Build configuration list for PBXNativeTarget "FoodSeekerUITests" */ = {
			isa = XCConfigurationList;
			buildConfigurations = (
				379A4CFD1DA2BFF40055D144 /* Debug */,
				379A4CFE1DA2BFF40055D144 /* Release */,
			);
			defaultConfigurationIsVisible = 0;
		};
/* End XCConfigurationList section */

/* Begin XCVersionGroup section */
		379A4CD51DA2BFF30055D144 /* FoodSeeker.xcdatamodeld */ = {
			isa = XCVersionGroup;
			children = (
				379A4CD61DA2BFF30055D144 /* FoodSeeker.xcdatamodel */,
			);
			currentVersion = 379A4CD61DA2BFF30055D144 /* FoodSeeker.xcdatamodel */;
			path = FoodSeeker.xcdatamodeld;
			sourceTree = "<group>";
			versionGroupType = wrapper.xcdatamodel;
		};
/* End XCVersionGroup section */
	};
	rootObject = 379A4CC31DA2BFF30055D144 /* Project object */;
}
